# DO NOT EDIT MANUALLY - Managed by Fern Replay
version: "1.0"
generations:
  - commit_sha: 1c0ed7f061d32b15b4d3fea2d5a307f57b3f4d31
    tree_hash: 4b6868bf849baafbdbec5aa6de743fafad709fcf
    timestamp: 2026-06-16T13:15:23.133Z
    cli_version: unknown
    generator_versions: {}
current_generation: 1c0ed7f061d32b15b4d3fea2d5a307f57b3f4d31
patches: []
